
Microsoft Visual Studio Solution File, Format Version 12.00
# Visual Studio Version 16
VisualStudioVersion = 16.0.30517.126
MinimumVisualStudioVersion = 15.0.26124.0
Project("{9A19103F-16F7-4668-BE54-9A1E7A4F7556}") = "BlazorClientSide", "BlazorClientSide\BlazorClientSide.csproj", "{327B7F52-2E80-49BC-A7C9-E676E70D4DCF}"
EndProject
Project("{9A19103F-16F7-4668-BE54-9A1E7A4F7556}") = "Data", "Data\Data.csproj", "{22405F6F-D060-4656-8189-46D7FB805143}"
EndProject
Project("{9A19103F-16F7-4668-BE54-9A1E7A4F7556}") = "FunctionApi", "FunctionApi\FunctionApi.csproj", "{DAFC4E99-8BF8-4187-AB86-CDDB3E99F661}"
EndProject
Global
	GlobalSection(SolutionConfigurationPlatforms) = preSolution
		Debug|Any CPU = Debug|Any CPU
		Debug|x64 = Debug|x64
		Debug|x86 = Debug|x86
		Release|Any CPU = Release|Any CPU
		Release|x64 = Release|x64
		Release|x86 = Release|x86
	EndGlobalSection
	GlobalSection(ProjectConfigurationPlatforms) = postSolution
		{327B7F52-2E80-49BC-A7C9-E676E70D4DCF}.Debug|Any CPU.ActiveCfg = Debug|Any CPU
		{327B7F52-2E80-49BC-A7C9-E676E70D4DCF}.Debug|Any CPU.Build.0 = Debug|Any CPU
		{327B7F52-2E80-49BC-A7C9-E676E70D4DCF}.Debug|x64.ActiveCfg = Debug|Any CPU
		{327B7F52-2E80-49BC-A7C9-E676E70D4DCF}.Debug|x64.Build.0 = Debug|Any CPU
		{327B7F52-2E80-49BC-A7C9-E676E70D4DCF}.Debug|x86.ActiveCfg = Debug|Any CPU
		{327B7F52-2E80-49BC-A7C9-E676E70D4DCF}.Debug|x86.Build.0 = Debug|Any CPU
		{327B7F52-2E80-49BC-A7C9-E676E70D4DCF}.Release|Any CPU.ActiveCfg = Release|Any CPU
		{327B7F52-2E80-49BC-A7C9-E676E70D4DCF}.Release|Any CPU.Build.0 = Release|Any CPU
		{327B7F52-2E80-49BC-A7C9-E676E70D4DCF}.Release|x64.ActiveCfg = Release|Any CPU
		{327B7F52-2E80-49BC-A7C9-E676E70D4DCF}.Release|x64.Build.0 = Release|Any CPU
		{327B7F52-2E80-49BC-A7C9-E676E70D4DCF}.Release|x86.ActiveCfg = Release|Any CPU
		{327B7F52-2E80-49BC-A7C9-E676E70D4DCF}.Release|x86.Build.0 = Release|Any CPU
		{22405F6F-D060-4656-8189-46D7FB805143}.Debug|Any CPU.ActiveCfg = Debug|Any CPU
		{22405F6F-D060-4656-8189-46D7FB805143}.Debug|Any CPU.Build.0 = Debug|Any CPU
		{22405F6F-D060-4656-8189-46D7FB805143}.Debug|x64.ActiveCfg = Debug|Any CPU
		{22405F6F-D060-4656-8189-46D7FB805143}.Debug|x64.Build.0 = Debug|Any CPU
		{22405F6F-D060-4656-8189-46D7FB805143}.Debug|x86.ActiveCfg = Debug|Any CPU
		{22405F6F-D060-4656-8189-46D7FB805143}.Debug|x86.Build.0 = Debug|Any CPU
		{22405F6F-D060-4656-8189-46D7FB805143}.Release|Any CPU.ActiveCfg = Release|Any CPU
		{22405F6F-D060-4656-8189-46D7FB805143}.Release|Any CPU.Build.0 = Release|Any CPU
		{22405F6F-D060-4656-8189-46D7FB805143}.Release|x64.ActiveCfg = Release|Any CPU
		{22405F6F-D060-4656-8189-46D7FB805143}.Release|x64.Build.0 = Release|Any CPU
		{22405F6F-D060-4656-8189-46D7FB805143}.Release|x86.ActiveCfg = Release|Any CPU
		{22405F6F-D060-4656-8189-46D7FB805143}.Release|x86.Build.0 = Release|Any CPU
		{DAFC4E99-8BF8-4187-AB86-CDDB3E99F661}.Debug|Any CPU.ActiveCfg = Debug|Any CPU
		{DAFC4E99-8BF8-4187-AB86-CDDB3E99F661}.Debug|Any CPU.Build.0 = Debug|Any CPU
		{DAFC4E99-8BF8-4187-AB86-CDDB3E99F661}.Debug|x64.ActiveCfg = Debug|Any CPU
		{DAFC4E99-8BF8-4187-AB86-CDDB3E99F661}.Debug|x64.Build.0 = Debug|Any CPU
		{DAFC4E99-8BF8-4187-AB86-CDDB3E99F661}.Debug|x86.ActiveCfg = Debug|Any CPU
		{DAFC4E99-8BF8-4187-AB86-CDDB3E99F661}.Debug|x86.Build.0 = Debug|Any CPU
		{DAFC4E99-8BF8-4187-AB86-CDDB3E99F661}.Release|Any CPU.ActiveCfg = Release|Any CPU
		{DAFC4E99-8BF8-4187-AB86-CDDB3E99F661}.Release|Any CPU.Build.0 = Release|Any CPU
		{DAFC4E99-8BF8-4187-AB86-CDDB3E99F661}.Release|x64.ActiveCfg = Release|Any CPU
		{DAFC4E99-8BF8-4187-AB86-CDDB3E99F661}.Release|x64.Build.0 = Release|Any CPU
		{DAFC4E99-8BF8-4187-AB86-CDDB3E99F661}.Release|x86.ActiveCfg = Release|Any CPU
		{DAFC4E99-8BF8-4187-AB86-CDDB3E99F661}.Release|x86.Build.0 = Release|Any CPU
	EndGlobalSection
	GlobalSection(SolutionProperties) = preSolution
		HideSolutionNode = FALSE
	EndGlobalSection
	GlobalSection(ExtensibilityGlobals) = postSolution
		SolutionGuid = {D45EB8DD-4415-4B7D-B2D9-8323B4DDE442}
	EndGlobalSection
EndGlobal
